
Microsoft Visual Studio Solution File, Format Version 12.00
# Visual Studio Version 17
VisualStudioVersion = 17.9.34622.214
MinimumVisualStudioVersion = 10.0.40219.1
Project("{FAE04EC0-301F-11D3-BF4B-00C04F79EFBC}") = "real-state", "real-state\real-state.csproj", "{C1F9D0E8-765B-421A-885B-E930609EA035}"
EndProject
Global
	GlobalSection(SolutionConfigurationPlatforms) = preSolution
		Debug|Any CPU = Debug|Any CPU
		Release|Any CPU = Release|Any CPU
	EndGlobalSection
	GlobalSection(ProjectConfigurationPlatforms) = postSolution
		{C1F9D0E8-765B-421A-885B-E930609EA035}.Debug|Any CPU.ActiveCfg = Debug|Any CPU
		{C1F9D0E8-765B-421A-885B-E930609EA035}.Debug|Any CPU.Build.0 = Debug|Any CPU
		{C1F9D0E8-765B-421A-885B-E930609EA035}.Release|Any CPU.ActiveCfg = Release|Any CPU
		{C1F9D0E8-765B-421A-885B-E930609EA035}.Release|Any CPU.Build.0 = Release|Any CPU
	EndGlobalSection
	GlobalSection(SolutionProperties) = preSolution
		HideSolutionNode = FALSE
	EndGlobalSection
	GlobalSection(ExtensibilityGlobals) = postSolution
		SolutionGuid = {7CEA2F82-B9E6-4D02-A336-95A041341FA5}
	EndGlobalSection
EndGlobal
